
Microsoft Visual Studio Solution File, Format Version 12.00
# Visual Studio Version 17
VisualStudioVersion = 17.5.33627.172
MinimumVisualStudioVersion = 10.0.40219.1
Project("{9A19103F-16F7-4668-BE54-9A1E7A4F7556}") = "Gps", "Gps.csproj", "{F779F263-8CAC-41A4-8914-1344FE2BA260}"
EndProject
Global
	GlobalSection(SolutionConfigurationPlatforms) = preSolution
		Debug|Any CPU = Debug|Any CPU
		Debug|x64 = Debug|x64
		Release|Any CPU = Release|Any CPU
		Release|x64 = Release|x64
	EndGlobalSection
	GlobalSection(ProjectConfigurationPlatforms) = postSolution
		{F779F263-8CAC-41A4-8914-1344FE2BA260}.Debug|Any CPU.ActiveCfg = Debug|Any CPU
		{F779F263-8CAC-41A4-8914-1344FE2BA260}.Debug|Any CPU.Build.0 = Debug|Any CPU
		{F779F263-8CAC-41A4-8914-1344FE2BA260}.Debug|Any CPU.Deploy.0 = Debug|Any CPU
		{F779F263-8CAC-41A4-8914-1344FE2BA260}.Debug|x64.ActiveCfg = Debug|x64
		{F779F263-8CAC-41A4-8914-1344FE2BA260}.Debug|x64.Build.0 = Debug|x64
		{F779F263-8CAC-41A4-8914-1344FE2BA260}.Debug|x64.Deploy.0 = Debug|x64
		{F779F263-8CAC-41A4-8914-1344FE2BA260}.Release|Any CPU.ActiveCfg = Release|Any CPU
		{F779F263-8CAC-41A4-8914-1344FE2BA260}.Release|Any CPU.Build.0 = Release|Any CPU
		{F779F263-8CAC-41A4-8914-1344FE2BA260}.Release|Any CPU.Deploy.0 = Release|Any CPU
		{F779F263-8CAC-41A4-8914-1344FE2BA260}.Release|x64.ActiveCfg = Release|Any CPU
		{F779F263-8CAC-41A4-8914-1344FE2BA260}.Release|x64.Build.0 = Release|Any CPU
		{F779F263-8CAC-41A4-8914-1344FE2BA260}.Release|x64.Deploy.0 = Release|Any CPU
	EndGlobalSection
	GlobalSection(SolutionProperties) = preSolution
		HideSolutionNode = FALSE
	EndGlobalSection
	GlobalSection(ExtensibilityGlobals) = postSolution
		SolutionGuid = {6D6FA13A-63B0-4582-8E9A-73B9B5C733B5}
	EndGlobalSection
EndGlobal
